// !$*UTF8*$!
{
	archiveVersion = 1;
	classes = {
	};
	objectVersion = 77;
	objects = {

/* Begin PBXBuildFile section */
		2E3303978EF0F586C06E3F91 /* FigmaTokenStoreTests.swift in Sources */ = {isa = PBXBuildFile; fileRef = AEF7390B1213AAD94C331D39 /* FigmaTokenStoreTests.swift */; };
		4133EF2497A09CB64E3F815E /* FigmaOAuthServiceTests.swift in Sources */ = {isa = PBXBuildFile; fileRef = 4E775F3A7B1F3417362D1506 /* FigmaOAuthServiceTests.swift */; };
		441987B61239853201D58DE0 /* FigmaProviderTests.swift in Sources */ = {isa = PBXBuildFile; fileRef = 9CC2EF1F96FBF96ED8E3930F /* FigmaProviderTests.swift */; };
		4CD1771092E34F93DF0E6D68 /* FigmaAPIClientTests.swift in Sources */ = {isa = PBXBuildFile; fileRef = D30778BDD0C5A76CB4DF9D4D /* FigmaAPIClientTests.swift */; };
		B860A0E5CE18CBA7EF46AF50 /* Cocoa.framework in Frameworks */ = {isa = PBXBuildFile; fileRef = 4264DAAA62F3BF8FD33C75B6 /* Cocoa.framework */; };
		CCF96620AA6C4F9B4D3AF7FB /* FigmaURLParserTests.swift in Sources */ = {isa = PBXBuildFile; fileRef = 4260BF98B1590CDC25500445 /* FigmaURLParserTests.swift */; };
		F4DC54D4D0A0E4C0A4C0C785 /* Mocks.swift in Sources */ = {isa = PBXBuildFile; fileRef = ECDE44028E5ADCDDD999A134 /* Mocks.swift */; };
/* End PBXBuildFile section */

/* Begin PBXContainerItemProxy section */
		86344E407BA15B158726C36C /* PBXContainerItemProxy */ = {
			isa = PBXContainerItemProxy;
			containerPortal = FC91272E2FEA706100B66A12 /* Project object */;
			proxyType = 1;
			remoteGlobalIDString = FC9127352FEA706100B66A12;
			remoteInfo = "overlay-viewer";
		};
/* End PBXContainerItemProxy section */

/* Begin PBXFileReference section */
		4260BF98B1590CDC25500445 /* FigmaURLParserTests.swift */ = {isa = PBXFileReference; includeInIndex = 1; lastKnownFileType = sourcecode.swift; path = FigmaURLParserTests.swift; sourceTree = "<group>"; };
		4264DAAA62F3BF8FD33C75B6 /* Cocoa.framework */ = {isa = PBXFileReference; lastKnownFileType = wrapper.framework; name = Cocoa.framework; path = Platforms/MacOSX.platform/Developer/SDKs/MacOSX15.0.sdk/System/Library/Frameworks/Cocoa.framework; sourceTree = DEVELOPER_DIR; };
		4E775F3A7B1F3417362D1506 /* FigmaOAuthServiceTests.swift */ = {isa = PBXFileReference; includeInIndex = 1; lastKnownFileType = sourcecode.swift; path = FigmaOAuthServiceTests.swift; sourceTree = "<group>"; };
		7B53CA4E70C87F791BEE5EFF /* overlay-viewerTests.xctest */ = {isa = PBXFileReference; explicitFileType = wrapper.cfbundle; includeInIndex = 0; path = "overlay-viewerTests.xctest"; sourceTree = BUILT_PRODUCTS_DIR; };
		8C5382ABB1CC6E46BBFD0D49 /* Local.xcconfig */ = {isa = PBXFileReference; includeInIndex = 1; lastKnownFileType = text.xcconfig; name = Local.xcconfig; path = "overlay-viewer/Local.xcconfig"; sourceTree = SOURCE_ROOT; };
		9CC2EF1F96FBF96ED8E3930F /* FigmaProviderTests.swift */ = {isa = PBXFileReference; includeInIndex = 1; lastKnownFileType = sourcecode.swift; path = FigmaProviderTests.swift; sourceTree = "<group>"; };
		AEF7390B1213AAD94C331D39 /* FigmaTokenStoreTests.swift */ = {isa = PBXFileReference; includeInIndex = 1; lastKnownFileType = sourcecode.swift; path = FigmaTokenStoreTests.swift; sourceTree = "<group>"; };
		D30778BDD0C5A76CB4DF9D4D /* FigmaAPIClientTests.swift */ = {isa = PBXFileReference; includeInIndex = 1; lastKnownFileType = sourcecode.swift; path = FigmaAPIClientTests.swift; sourceTree = "<group>"; };
		ECDE44028E5ADCDDD999A134 /* Mocks.swift */ = {isa = PBXFileReference; includeInIndex = 1; lastKnownFileType = sourcecode.swift; path = Mocks.swift; sourceTree = "<group>"; };
		FC9127362FEA706100B66A12 /* overlay-viewer.app */ = {isa = PBXFileReference; explicitFileType = wrapper.application; includeInIndex = 0; path = "overlay-viewer.app"; sourceTree = BUILT_PRODUCTS_DIR; };
/* End PBXFileReference section */

/* Begin PBXFileSystemSynchronizedBuildFileExceptionSet section */
		FC9127992FEA706200B66A99 /* Exceptions for "overlay-viewer" folder in "overlay-viewer" target */ = {
			isa = PBXFileSystemSynchronizedBuildFileExceptionSet;
			membershipExceptions = (
				Info.plist,
				Local.xcconfig,
			);
			target = FC9127352FEA706100B66A12 /* overlay-viewer */;
		};
/* End PBXFileSystemSynchronizedBuildFileExceptionSet section */

/* Begin PBXFileSystemSynchronizedRootGroup section */
		FC9127382FEA706100B66A12 /* overlay-viewer */ = {
			isa = PBXFileSystemSynchronizedRootGroup;
			exceptions = (
				FC9127992FEA706200B66A99 /* Exceptions for "overlay-viewer" folder in "overlay-viewer" target */,
			);
			path = "overlay-viewer";
			sourceTree = "<group>";
		};
/* End PBXFileSystemSynchronizedRootGroup section */

/* Begin PBXFrameworksBuildPhase section */
		9ED7F7D53AB5FA3E339FCC46 /* Frameworks */ = {
			isa = PBXFrameworksBuildPhase;
			buildActionMask = 2147483647;
			files = (
				B860A0E5CE18CBA7EF46AF50 /* Cocoa.framework in Frameworks */,
			);
			runOnlyForDeploymentPostprocessing = 0;
		};
		FC9127332FEA706100B66A12 /* Frameworks */ = {
			isa = PBXFrameworksBuildPhase;
			buildActionMask = 2147483647;
			files = (
			);
			runOnlyForDeploymentPostprocessing = 0;
		};
/* End PBXFrameworksBuildPhase section */

/* Begin PBXGroup section */
		1F989DFF2FFEBFBEA3A0E426 /* Figma */ = {
			isa = PBXGroup;
			children = (
				D30778BDD0C5A76CB4DF9D4D /* FigmaAPIClientTests.swift */,
				4E775F3A7B1F3417362D1506 /* FigmaOAuthServiceTests.swift */,
				AEF7390B1213AAD94C331D39 /* FigmaTokenStoreTests.swift */,
				4260BF98B1590CDC25500445 /* FigmaURLParserTests.swift */,
				9CC2EF1F96FBF96ED8E3930F /* FigmaProviderTests.swift */,
			);
			name = Figma;
			path = Figma;
			sourceTree = "<group>";
		};
		4D45A7884CA7933E2473C617 /* overlay-viewerTests */ = {
			isa = PBXGroup;
			children = (
				ECDE44028E5ADCDDD999A134 /* Mocks.swift */,
				1F989DFF2FFEBFBEA3A0E426 /* Figma */,
			);
			path = "overlay-viewerTests";
			sourceTree = SOURCE_ROOT;
		};
		7A2FD27A67E1208DC50E81CA /* OS X */ = {
			isa = PBXGroup;
			children = (
				4264DAAA62F3BF8FD33C75B6 /* Cocoa.framework */,
			);
			name = "OS X";
			sourceTree = "<group>";
		};
		AC6708CC35FBE943635B0991 /* Frameworks */ = {
			isa = PBXGroup;
			children = (
				7A2FD27A67E1208DC50E81CA /* OS X */,
			);
			name = Frameworks;
			sourceTree = "<group>";
		};
		FC91272D2FEA706100B66A12 = {
			isa = PBXGroup;
			children = (
				FC9127382FEA706100B66A12 /* overlay-viewer */,
				FC9127372FEA706100B66A12 /* Products */,
				AC6708CC35FBE943635B0991 /* Frameworks */,
				4D45A7884CA7933E2473C617 /* overlay-viewerTests */,
				8C5382ABB1CC6E46BBFD0D49 /* Local.xcconfig */,
			);
			sourceTree = "<group>";
		};
		FC9127372FEA706100B66A12 /* Products */ = {
			isa = PBXGroup;
			children = (
				FC9127362FEA706100B66A12 /* overlay-viewer.app */,
				7B53CA4E70C87F791BEE5EFF /* overlay-viewerTests.xctest */,
			);
			name = Products;
			sourceTree = "<group>";
		};
/* End PBXGroup section */

/* Begin PBXNativeTarget section */
		4251FEF384358F1D4B0D59E2 /* overlay-viewerTests */ = {
			isa = PBXNativeTarget;
			buildConfigurationList = 2A7A488450AEB26EC8EFFC5D /* Build configuration list for PBXNativeTarget "overlay-viewerTests" */;
			buildPhases = (
				129FCE931079D45810CBC637 /* Sources */,
				9ED7F7D53AB5FA3E339FCC46 /* Frameworks */,
				508547686A5EBE540ABDC935 /* Resources */,
			);
			buildRules = (
			);
			dependencies = (
				714388AC0371D05B783C0FBF /* PBXTargetDependency */,
			);
			name = "overlay-viewerTests";
			productName = "overlay-viewerTests";
			productReference = 7B53CA4E70C87F791BEE5EFF /* overlay-viewerTests.xctest */;
			productType = "com.apple.product-type.bundle.unit-test";
		};
		FC9127352FEA706100B66A12 /* overlay-viewer */ = {
			isa = PBXNativeTarget;
			buildConfigurationList = FC9127412FEA706200B66A12 /* Build configuration list for PBXNativeTarget "overlay-viewer" */;
			buildPhases = (
				FC9127322FEA706100B66A12 /* Sources */,
				FC9127332FEA706100B66A12 /* Frameworks */,
				FC9127342FEA706100B66A12 /* Resources */,
			);
			buildRules = (
			);
			dependencies = (
			);
			fileSystemSynchronizedGroups = (
				FC9127382FEA706100B66A12 /* overlay-viewer */,
			);
			name = "overlay-viewer";
			productName = "overlay-viewer";
			productReference = FC9127362FEA706100B66A12 /* overlay-viewer.app */;
			productType = "com.apple.product-type.application";
		};
/* End PBXNativeTarget section */

/* Begin PBXProject section */
		FC91272E2FEA706100B66A12 /* Project object */ = {
			isa = PBXProject;
			attributes = {
				BuildIndependentTargetsInParallel = 1;
				LastSwiftUpdateCheck = 2650;
				LastUpgradeCheck = 2660;
				TargetAttributes = {
					FC9127352FEA706100B66A12 = {
						CreatedOnToolsVersion = 26.5;
					};
				};
			};
			buildConfigurationList = FC9127312FEA706100B66A12 /* Build configuration list for PBXProject "overlay-viewer" */;
			developmentRegion = en;
			hasScannedForEncodings = 0;
			knownRegions = (
				en,
				Base,
			);
			mainGroup = FC91272D2FEA706100B66A12;
			minimizedProjectReferenceProxies = 1;
			preferredProjectObjectVersion = 77;
			productRefGroup = FC9127372FEA706100B66A12 /* Products */;
			projectDirPath = "";
			projectRoot = "";
			targets = (
				FC9127352FEA706100B66A12 /* overlay-viewer */,
				4251FEF384358F1D4B0D59E2 /* overlay-viewerTests */,
			);
		};
/* End PBXProject section */

/* Begin PBXResourcesBuildPhase section */
		508547686A5EBE540ABDC935 /* Resources */ = {
			isa = PBXResourcesBuildPhase;
			buildActionMask = 2147483647;
			files = (
			);
			runOnlyForDeploymentPostprocessing = 0;
		};
		FC9127342FEA706100B66A12 /* Resources */ = {
			isa = PBXResourcesBuildPhase;
			buildActionMask = 2147483647;
			files = (
			);
			runOnlyForDeploymentPostprocessing = 0;
		};
/* End PBXResourcesBuildPhase section */

/* Begin PBXSourcesBuildPhase section */
		129FCE931079D45810CBC637 /* Sources */ = {
			isa = PBXSourcesBuildPhase;
			buildActionMask = 2147483647;
			files = (
				CCF96620AA6C4F9B4D3AF7FB /* FigmaURLParserTests.swift in Sources */,
				2E3303978EF0F586C06E3F91 /* FigmaTokenStoreTests.swift in Sources */,
				F4DC54D4D0A0E4C0A4C0C785 /* Mocks.swift in Sources */,
				4133EF2497A09CB64E3F815E /* FigmaOAuthServiceTests.swift in Sources */,
				4CD1771092E34F93DF0E6D68 /* FigmaAPIClientTests.swift in Sources */,
				441987B61239853201D58DE0 /* FigmaProviderTests.swift in Sources */,
			);
			runOnlyForDeploymentPostprocessing = 0;
		};
		FC9127322FEA706100B66A12 /* Sources */ = {
			isa = PBXSourcesBuildPhase;
			buildActionMask = 2147483647;
			files = (
			);
			runOnlyForDeploymentPostprocessing = 0;
		};
/* End PBXSourcesBuildPhase section */

/* Begin PBXTargetDependency section */
		714388AC0371D05B783C0FBF /* PBXTargetDependency */ = {
			isa = PBXTargetDependency;
			name = "overlay-viewer";
			target = FC9127352FEA706100B66A12 /* overlay-viewer */;
			targetProxy = 86344E407BA15B158726C36C /* PBXContainerItemProxy */;
		};
/* End PBXTargetDependency section */

/* Begin XCBuildConfiguration section */
		4013DF7A9D1A6909DB6496DF /* Release */ = {
			isa = XCBuildConfiguration;
			buildSettings = {
				BUNDLE_LOADER = "$(TEST_HOST)";
				CODE_SIGN_STYLE = Automatic;
				DEVELOPMENT_TEAM = BSFF9CHKM9;
				GENERATE_INFOPLIST_FILE = YES;
				LD_RUNPATH_SEARCH_PATHS = (
					"$(inherited)",
					"@executable_path/../Frameworks",
					"@loader_path/../Frameworks",
				);
				MACOSX_DEPLOYMENT_TARGET = 26.5;
				PRODUCT_BUNDLE_IDENTIFIER = "np.com.rajeevrajchal.overlay-viewerTests";
				PRODUCT_NAME = "$(TARGET_NAME)";
				SDKROOT = macosx;
				SWIFT_VERSION = 5.0;
				TEST_HOST = "$(BUILT_PRODUCTS_DIR)/overlay-viewer.app/Contents/MacOS/overlay-viewer";
			};
			name = Release;
		};
		E590F1B7F72134EE53394803 /* Debug */ = {
			isa = XCBuildConfiguration;
			buildSettings = {
				BUNDLE_LOADER = "$(TEST_HOST)";
				CODE_SIGN_STYLE = Automatic;
				DEVELOPMENT_TEAM = BSFF9CHKM9;
				GENERATE_INFOPLIST_FILE = YES;
				LD_RUNPATH_SEARCH_PATHS = (
					"$(inherited)",
					"@executable_path/../Frameworks",
					"@loader_path/../Frameworks",
				);
				MACOSX_DEPLOYMENT_TARGET = 26.5;
				PRODUCT_BUNDLE_IDENTIFIER = "np.com.rajeevrajchal.overlay-viewerTests";
				PRODUCT_NAME = "$(TARGET_NAME)";
				SDKROOT = macosx;
				SWIFT_VERSION = 5.0;
				TEST_HOST = "$(BUILT_PRODUCTS_DIR)/overlay-viewer.app/Contents/MacOS/overlay-viewer";
			};
			name = Debug;
		};
		FC91273F2FEA706200B66A12 /* Debug */ = {
			isa = XCBuildConfiguration;
			buildSettings = {
				ALWAYS_SEARCH_USER_PATHS = NO;
				ASSETCATALOG_COMPILER_GENERATE_SWIFT_ASSET_SYMBOL_EXTENSIONS = YES;
				CLANG_ANALYZER_NONNULL = YES;
				CLANG_ANALYZER_NUMBER_OBJECT_CONVERSION = YES_AGGRESSIVE;
				CLANG_CXX_LANGUAGE_STANDARD = "gnu++20";
				CLANG_ENABLE_MODULES = YES;
				CLANG_ENABLE_OBJC_ARC = YES;
				CLANG_ENABLE_OBJC_WEAK = YES;
				CLANG_WARN_BLOCK_CAPTURE_AUTORELEASING = YES;
				CLANG_WARN_BOOL_CONVERSION = YES;
				CLANG_WARN_COMMA = YES;
				CLANG_WARN_CONSTANT_CONVERSION = YES;
				CLANG_WARN_DEPRECATED_OBJC_IMPLEMENTATIONS = YES;
				CLANG_WARN_DIRECT_OBJC_ISA_USAGE = YES_ERROR;
				CLANG_WARN_DOCUMENTATION_COMMENTS = YES;
				CLANG_WARN_EMPTY_BODY = YES;
				CLANG_WARN_ENUM_CONVERSION = YES;
				CLANG_WARN_INFINITE_RECURSION = YES;
				CLANG_WARN_INT_CONVERSION = YES;
				CLANG_WARN_NON_LITERAL_NULL_CONVERSION = YES;
				CLANG_WARN_OBJC_IMPLICIT_RETAIN_SELF = YES;
				CLANG_WARN_OBJC_LITERAL_CONVERSION = YES;
				CLANG_WARN_OBJC_ROOT_CLASS = YES_ERROR;
				CLANG_WARN_QUOTED_INCLUDE_IN_FRAMEWORK_HEADER = YES;
				CLANG_WARN_RANGE_LOOP_ANALYSIS = YES;
				CLANG_WARN_STRICT_PROTOTYPES = YES;
				CLANG_WARN_SUSPICIOUS_MOVE = YES;
				CLANG_WARN_UNGUARDED_AVAILABILITY = YES_AGGRESSIVE;
				CLANG_WARN_UNREACHABLE_CODE = YES;
				CLANG_WARN__DUPLICATE_METHOD_MATCH = YES;
				COPY_PHASE_STRIP = NO;
				DEAD_CODE_STRIPPING = YES;
				DEBUG_INFORMATION_FORMAT = dwarf;
				DEVELOPMENT_TEAM = BSFF9CHKM9;
				ENABLE_STRICT_OBJC_MSGSEND = YES;
				ENABLE_TESTABILITY = YES;
				ENABLE_USER_SCRIPT_SANDBOXING = YES;
				GCC_C_LANGUAGE_STANDARD = gnu17;
				GCC_DYNAMIC_NO_PIC = NO;
				GCC_NO_COMMON_BLOCKS = YES;
				GCC_OPTIMIZATION_LEVEL = 0;
				GCC_PREPROCESSOR_DEFINITIONS = (
					"DEBUG=1",
					"$(inherited)",
				);
				GCC_WARN_64_TO_32_BIT_CONVERSION = YES;
				GCC_WARN_ABOUT_RETURN_TYPE = YES_ERROR;
				GCC_WARN_UNDECLARED_SELECTOR = YES;
				GCC_WARN_UNINITIALIZED_AUTOS = YES_AGGRESSIVE;
				GCC_WARN_UNUSED_FUNCTION = YES;
				GCC_WARN_UNUSED_VARIABLE = YES;
				LOCALIZATION_PREFERS_STRING_CATALOGS = YES;
				MACOSX_DEPLOYMENT_TARGET = 26.5;
				MTL_ENABLE_DEBUG_INFO = INCLUDE_SOURCE;
				MTL_FAST_MATH = YES;
				ONLY_ACTIVE_ARCH = YES;
				SDKROOT = macosx;
				STRING_CATALOG_GENERATE_SYMBOLS = YES;
				SWIFT_ACTIVE_COMPILATION_CONDITIONS = "DEBUG $(inherited)";
				SWIFT_OPTIMIZATION_LEVEL = "-Onone";
			};
			name = Debug;
		};
		FC9127402FEA706200B66A12 /* Release */ = {
			isa = XCBuildConfiguration;
			buildSettings = {
				ALWAYS_SEARCH_USER_PATHS = NO;
				ASSETCATALOG_COMPILER_GENERATE_SWIFT_ASSET_SYMBOL_EXTENSIONS = YES;
				CLANG_ANALYZER_NONNULL = YES;
				CLANG_ANALYZER_NUMBER_OBJECT_CONVERSION = YES_AGGRESSIVE;
				CLANG_CXX_LANGUAGE_STANDARD = "gnu++20";
				CLANG_ENABLE_MODULES = YES;
				CLANG_ENABLE_OBJC_ARC = YES;
				CLANG_ENABLE_OBJC_WEAK = YES;
				CLANG_WARN_BLOCK_CAPTURE_AUTORELEASING = YES;
				CLANG_WARN_BOOL_CONVERSION = YES;
				CLANG_WARN_COMMA = YES;
				CLANG_WARN_CONSTANT_CONVERSION = YES;
				CLANG_WARN_DEPRECATED_OBJC_IMPLEMENTATIONS = YES;
				CLANG_WARN_DIRECT_OBJC_ISA_USAGE = YES_ERROR;
				CLANG_WARN_DOCUMENTATION_COMMENTS = YES;
				CLANG_WARN_EMPTY_BODY = YES;
				CLANG_WARN_ENUM_CONVERSION = YES;
				CLANG_WARN_INFINITE_RECURSION = YES;
				CLANG_WARN_INT_CONVERSION = YES;
				CLANG_WARN_NON_LITERAL_NULL_CONVERSION = YES;
				CLANG_WARN_OBJC_IMPLICIT_RETAIN_SELF = YES;
				CLANG_WARN_OBJC_LITERAL_CONVERSION = YES;
				CLANG_WARN_OBJC_ROOT_CLASS = YES_ERROR;
				CLANG_WARN_QUOTED_INCLUDE_IN_FRAMEWORK_HEADER = YES;
				CLANG_WARN_RANGE_LOOP_ANALYSIS = YES;
				CLANG_WARN_STRICT_PROTOTYPES = YES;
				CLANG_WARN_SUSPICIOUS_MOVE = YES;
				CLANG_WARN_UNGUARDED_AVAILABILITY = YES_AGGRESSIVE;
				CLANG_WARN_UNREACHABLE_CODE = YES;
				CLANG_WARN__DUPLICATE_METHOD_MATCH = YES;
				COPY_PHASE_STRIP = NO;
				DEAD_CODE_STRIPPING = YES;
				DEBUG_INFORMATION_FORMAT = "dwarf-with-dsym";
				DEVELOPMENT_TEAM = BSFF9CHKM9;
				ENABLE_NS_ASSERTIONS = NO;
				ENABLE_STRICT_OBJC_MSGSEND = YES;
				ENABLE_USER_SCRIPT_SANDBOXING = YES;
				GCC_C_LANGUAGE_STANDARD = gnu17;
				GCC_NO_COMMON_BLOCKS = YES;
				GCC_WARN_64_TO_32_BIT_CONVERSION = YES;
				GCC_WARN_ABOUT_RETURN_TYPE = YES_ERROR;
				GCC_WARN_UNDECLARED_SELECTOR = YES;
				GCC_WARN_UNINITIALIZED_AUTOS = YES_AGGRESSIVE;
				GCC_WARN_UNUSED_FUNCTION = YES;
				GCC_WARN_UNUSED_VARIABLE = YES;
				LOCALIZATION_PREFERS_STRING_CATALOGS = YES;
				MACOSX_DEPLOYMENT_TARGET = 26.5;
				MTL_ENABLE_DEBUG_INFO = NO;
				MTL_FAST_MATH = YES;
				SDKROOT = macosx;
				STRING_CATALOG_GENERATE_SYMBOLS = YES;
				SWIFT_COMPILATION_MODE = wholemodule;
			};
			name = Release;
		};
		FC9127422FEA706200B66A12 /* Debug */ = {
			isa = XCBuildConfiguration;
			baseConfigurationReference = 8C5382ABB1CC6E46BBFD0D49 /* Local.xcconfig */;
			buildSettings = {
				ASSETCATALOG_COMPILER_APPICON_NAME = AppIcon;
				ASSETCATALOG_COMPILER_GLOBAL_ACCENT_COLOR_NAME = AccentColor;
				CODE_SIGN_ENTITLEMENTS = "overlay-viewer/overlay-viewer.entitlements";
				CODE_SIGN_STYLE = Automatic;
				COMBINE_HIDPI_IMAGES = YES;
				CURRENT_PROJECT_VERSION = 1;
				DEAD_CODE_STRIPPING = YES;
				ENABLE_APP_SANDBOX = YES;
				ENABLE_PREVIEWS = YES;
				ENABLE_USER_SELECTED_FILES = readonly;
				GENERATE_INFOPLIST_FILE = NO;
				INFOPLIST_FILE = "overlay-viewer/Info.plist";
				LD_RUNPATH_SEARCH_PATHS = (
					"$(inherited)",
					"@executable_path/../Frameworks",
				);
				MARKETING_VERSION = 1.0;
				PRODUCT_BUNDLE_IDENTIFIER = "np.com.rajeevrajchal.overlay-viewer";
				PRODUCT_NAME = "$(TARGET_NAME)";
				REGISTER_APP_GROUPS = YES;
				STRING_CATALOG_GENERATE_SYMBOLS = YES;
				SWIFT_APPROACHABLE_CONCURRENCY = YES;
				SWIFT_DEFAULT_ACTOR_ISOLATION = MainActor;
				SWIFT_EMIT_LOC_STRINGS = YES;
				SWIFT_UPCOMING_FEATURE_MEMBER_IMPORT_VISIBILITY = YES;
				SWIFT_VERSION = 5.0;
			};
			name = Debug;
		};
		FC9127432FEA706200B66A12 /* Release */ = {
			isa = XCBuildConfiguration;
			buildSettings = {
				ASSETCATALOG_COMPILER_APPICON_NAME = AppIcon;
				ASSETCATALOG_COMPILER_GLOBAL_ACCENT_COLOR_NAME = AccentColor;
				CODE_SIGN_ENTITLEMENTS = "overlay-viewer/overlay-viewer.entitlements";
				CODE_SIGN_STYLE = Automatic;
				COMBINE_HIDPI_IMAGES = YES;
				CURRENT_PROJECT_VERSION = 1;
				DEAD_CODE_STRIPPING = YES;
				ENABLE_APP_SANDBOX = YES;
				ENABLE_PREVIEWS = YES;
				ENABLE_USER_SELECTED_FILES = readonly;
				GENERATE_INFOPLIST_FILE = NO;
				INFOPLIST_FILE = "overlay-viewer/Info.plist";
				LD_RUNPATH_SEARCH_PATHS = (
					"$(inherited)",
					"@executable_path/../Frameworks",
				);
				MARKETING_VERSION = 1.0;
				PRODUCT_BUNDLE_IDENTIFIER = "np.com.rajeevrajchal.overlay-viewer";
				PRODUCT_NAME = "$(TARGET_NAME)";
				REGISTER_APP_GROUPS = YES;
				STRING_CATALOG_GENERATE_SYMBOLS = YES;
				SWIFT_APPROACHABLE_CONCURRENCY = YES;
				SWIFT_DEFAULT_ACTOR_ISOLATION = MainActor;
				SWIFT_EMIT_LOC_STRINGS = YES;
				SWIFT_UPCOMING_FEATURE_MEMBER_IMPORT_VISIBILITY = YES;
				SWIFT_VERSION = 5.0;
			};
			name = Release;
		};
/* End XCBuildConfiguration section */

/* Begin XCConfigurationList section */
		2A7A488450AEB26EC8EFFC5D /* Build configuration list for PBXNativeTarget "overlay-viewerTests" */ = {
			isa = XCConfigurationList;
			buildConfigurations = (
				4013DF7A9D1A6909DB6496DF /* Release */,
				E590F1B7F72134EE53394803 /* Debug */,
			);
			defaultConfigurationIsVisible = 0;
			defaultConfigurationName = Release;
		};
		FC9127312FEA706100B66A12 /* Build configuration list for PBXProject "overlay-viewer" */ = {
			isa = XCConfigurationList;
			buildConfigurations = (
				FC91273F2FEA706200B66A12 /* Debug */,
				FC9127402FEA706200B66A12 /* Release */,
			);
			defaultConfigurationIsVisible = 0;
			defaultConfigurationName = Release;
		};
		FC9127412FEA706200B66A12 /* Build configuration list for PBXNativeTarget "overlay-viewer" */ = {
			isa = XCConfigurationList;
			buildConfigurations = (
				FC9127422FEA706200B66A12 /* Debug */,
				FC9127432FEA706200B66A12 /* Release */,
			);
			defaultConfigurationIsVisible = 0;
			defaultConfigurationName = Release;
		};
/* End XCConfigurationList section */
	};
	rootObject = FC91272E2FEA706100B66A12 /* Project object */;
}
